# THIS IS AN AUTOGENERATED FILE. DO NOT EDIT THIS FILE DIRECTLY.
# yarn lockfile v1


electron-iohook@^0.1.1:
  version "0.1.1"
  resolved "https://registry.yarnpkg.com/electron-iohook/-/electron-iohook-0.1.1.tgz#02e969cd31455d9809114263818a78bd5ecb83ec"
  integrity sha512-7/pKG0m89GntoGMGmxMvm49W58gy4fXXIET8yvn9qEgog0H86zYlhvsYrc8DXACp+SsYvYOAnAJ76btCWQjGRQ==
